// !$*UTF8*$!
{
	archiveVersion = 1;
	classes = {
	};
	objectVersion = 56;
	objects = {

/* Begin PBXBuildFile section */
		FDA13A352B9D452900676B0D /* demoTCAApp.swift in Sources */ = {isa = PBXBuildFile; fileRef = FDA13A342B9D452900676B0D /* demoTCAApp.swift */; };
		FDA13A372B9D452900676B0D /* ContentView.swift in Sources */ = {isa = PBXBuildFile; fileRef = FDA13A362B9D452900676B0D /* ContentView.swift */; };
		FDA13A392B9D452B00676B0D /* Assets.xcassets in Resources */ = {isa = PBXBuildFile; fileRef = FDA13A382B9D452B00676B0D /* Assets.xcassets */; };
		FDA13A3C2B9D452B00676B0D /* Preview Assets.xcassets in Resources */ = {isa = PBXBuildFile; fileRef = FDA13A3B2B9D452B00676B0D /* Preview Assets.xcassets */; };
		FDA13A462B9D452B00676B0D /* demoTCATests.swift in Sources */ = {isa = PBXBuildFile; fileRef = FDA13A452B9D452B00676B0D /* demoTCATests.swift */; };
		FDA13A502B9D452B00676B0D /* demoTCAUITests.swift in Sources */ = {isa = PBXBuildFile; fileRef = FDA13A4F2B9D452B00676B0D /* demoTCAUITests.swift */; };
		FDA13A522B9D452B00676B0D /* demoTCAUITestsLaunchTests.swift in Sources */ = {isa = PBXBuildFile; fileRef = FDA13A512B9D452B00676B0D /* demoTCAUITestsLaunchTests.swift */; };
		FDA13A5F2B9D47EC00676B0D /* HomeFeature.swift in Sources */ = {isa = PBXBuildFile; fileRef = FDA13A5E2B9D47EC00676B0D /* HomeFeature.swift */; };
		FDA13A612B9D47FC00676B0D /* HomeView.swift in Sources */ = {isa = PBXBuildFile; fileRef = FDA13A602B9D47FC00676B0D /* HomeView.swift */; };
		FDA13A672B9D489A00676B0D /* ApiClient.swift in Sources */ = {isa = PBXBuildFile; fileRef = FDA13A662B9D489A00676B0D /* ApiClient.swift */; };
		FDA13A692B9D4B2500676B0D /* Endpoints.swift in Sources */ = {isa = PBXBuildFile; fileRef = FDA13A682B9D4B2500676B0D /* Endpoints.swift */; };
		FDA13A6B2B9D4B7C00676B0D /* NetworCore.swift in Sources */ = {isa = PBXBuildFile; fileRef = FDA13A6A2B9D4B7C00676B0D /* NetworCore.swift */; };
		FDA13A702B9D5DFE00676B0D /* AsteroidResponse.swift in Sources */ = {isa = PBXBuildFile; fileRef = FDA13A6F2B9D5DFE00676B0D /* AsteroidResponse.swift */; };
		FDA13A722BA8E51D00676B0D /* AsteroidService.swift in Sources */ = {isa = PBXBuildFile; fileRef = FDA13A712BA8E51D00676B0D /* AsteroidService.swift */; };
		FDA13A752BA8E8B600676B0D /* Dependencies in Frameworks */ = {isa = PBXBuildFile; productRef = FDA13A742BA8E8B600676B0D /* Dependencies */; };
		FDA13A772BA8E8B600676B0D /* DependenciesMacros in Frameworks */ = {isa = PBXBuildFile; productRef = FDA13A762BA8E8B600676B0D /* DependenciesMacros */; };
		FDA13A7A2BA8F40900676B0D /* ViewState.swift in Sources */ = {isa = PBXBuildFile; fileRef = FDA13A792BA8F40900676B0D /* ViewState.swift */; };
		FDA13A7C2BA8FF3000676B0D /* AsteroidDetialResponse.swift in Sources */ = {isa = PBXBuildFile; fileRef = FDA13A7B2BA8FF3000676B0D /* AsteroidDetialResponse.swift */; };
		FDA13A812BA901E100676B0D /* MarsRoverService.swift in Sources */ = {isa = PBXBuildFile; fileRef = FDA13A802BA901E100676B0D /* MarsRoverService.swift */; };
		FDA13A842BA9611D00676B0D /* MarsRoverPhotosResponse.swift in Sources */ = {isa = PBXBuildFile; fileRef = FDA13A832BA9611C00676B0D /* MarsRoverPhotosResponse.swift */; };
		FDA13A862BA9632F00676B0D /* AsteroidDetailView.swift in Sources */ = {isa = PBXBuildFile; fileRef = FDA13A852BA9632F00676B0D /* AsteroidDetailView.swift */; };
		FDA13A882BA9633800676B0D /* AsteroidDetailFeature.swift in Sources */ = {isa = PBXBuildFile; fileRef = FDA13A872BA9633800676B0D /* AsteroidDetailFeature.swift */; };
		FDA13A8B2BA9650B00676B0D /* MarsRoverListView.swift in Sources */ = {isa = PBXBuildFile; fileRef = FDA13A8A2BA9650B00676B0D /* MarsRoverListView.swift */; };
		FDA13A8D2BA9651900676B0D /* MarsRoverListFeature.swift in Sources */ = {isa = PBXBuildFile; fileRef = FDA13A8C2BA9651900676B0D /* MarsRoverListFeature.swift */; };
		FDA13A902BA9658900676B0D /* ComposableArchitecture in Frameworks */ = {isa = PBXBuildFile; productRef = FDA13A8F2BA9658900676B0D /* ComposableArchitecture */; };
		FDA13A932BA96B0200676B0D /* Kingfisher in Frameworks */ = {isa = PBXBuildFile; productRef = FDA13A922BA96B0200676B0D /* Kingfisher */; };
		FDA13A952BAAB3B400676B0D /* AsteroidListView.swift in Sources */ = {isa = PBXBuildFile; fileRef = FDA13A942BAAB3B400676B0D /* AsteroidListView.swift */; };
		FDA13A982BAAB3D100676B0D /* AsteroidListFeature.swift in Sources */ = {isa = PBXBuildFile; fileRef = FDA13A972BAAB3D100676B0D /* AsteroidListFeature.swift */; };
		FDA13A9B2BAAC86B00676B0D /* AsteroidListTests.swift in Sources */ = {isa = PBXBuildFile; fileRef = FDA13A9A2BAAC86B00676B0D /* AsteroidListTests.swift */; };
/* End PBXBuildFile section */

/* Begin PBXContainerItemProxy section */
		FDA13A422B9D452B00676B0D /* PBXContainerItemProxy */ = {
			isa = PBXContainerItemProxy;
			containerPortal = FDA13A292B9D452900676B0D /* Project object */;
			proxyType = 1;
			remoteGlobalIDString = FDA13A302B9D452900676B0D;
			remoteInfo = demoTCA;
		};
		FDA13A4C2B9D452B00676B0D /* PBXContainerItemProxy */ = {
			isa = PBXContainerItemProxy;
			containerPortal = FDA13A292B9D452900676B0D /* Project object */;
			proxyType = 1;
			remoteGlobalIDString = FDA13A302B9D452900676B0D;
			remoteInfo = demoTCA;
		};
/* End PBXContainerItemProxy section */

/* Begin PBXFileReference section */
		FDA13A312B9D452900676B0D /* demoTCA.app */ = {isa = PBXFileReference; explicitFileType = wrapper.application; includeInIndex = 0; path = demoTCA.app; sourceTree = BUILT_PRODUCTS_DIR; };
		FDA13A342B9D452900676B0D /* demoTCAApp.swift */ = {isa = PBXFileReference; lastKnownFileType = sourcecode.swift; path = demoTCAApp.swift; sourceTree = "<group>"; };
		FDA13A362B9D452900676B0D /* ContentView.swift */ = {isa = PBXFileReference; lastKnownFileType = sourcecode.swift; path = ContentView.swift; sourceTree = "<group>"; };
		FDA13A382B9D452B00676B0D /* Assets.xcassets */ = {isa = PBXFileReference; lastKnownFileType = folder.assetcatalog; path = Assets.xcassets; sourceTree = "<group>"; };
		FDA13A3B2B9D452B00676B0D /* Preview Assets.xcassets */ = {isa = PBXFileReference; lastKnownFileType = folder.assetcatalog; path = "Preview Assets.xcassets"; sourceTree = "<group>"; };
		FDA13A412B9D452B00676B0D /* demoTCATests.xctest */ = {isa = PBXFileReference; explicitFileType = wrapper.cfbundle; includeInIndex = 0; path = demoTCATests.xctest; sourceTree = BUILT_PRODUCTS_DIR; };
		FDA13A452B9D452B00676B0D /* demoTCATests.swift */ = {isa = PBXFileReference; lastKnownFileType = sourcecode.swift; path = demoTCATests.swift; sourceTree = "<group>"; };
		FDA13A4B2B9D452B00676B0D /* demoTCAUITests.xctest */ = {isa = PBXFileReference; explicitFileType = wrapper.cfbundle; includeInIndex = 0; path = demoTCAUITests.xctest; sourceTree = BUILT_PRODUCTS_DIR; };
		FDA13A4F2B9D452B00676B0D /* demoTCAUITests.swift */ = {isa = PBXFileReference; lastKnownFileType = sourcecode.swift; path = demoTCAUITests.swift; sourceTree = "<group>"; };
		FDA13A512B9D452B00676B0D /* demoTCAUITestsLaunchTests.swift */ = {isa = PBXFileReference; lastKnownFileType = sourcecode.swift; path = demoTCAUITestsLaunchTests.swift; sourceTree = "<group>"; };
		FDA13A5E2B9D47EC00676B0D /* HomeFeature.swift */ = {isa = PBXFileReference; lastKnownFileType = sourcecode.swift; path = HomeFeature.swift; sourceTree = "<group>"; };
		FDA13A602B9D47FC00676B0D /* HomeView.swift */ = {isa = PBXFileReference; lastKnownFileType = sourcecode.swift; path = HomeView.swift; sourceTree = "<group>"; };
		FDA13A662B9D489A00676B0D /* ApiClient.swift */ = {isa = PBXFileReference; lastKnownFileType = sourcecode.swift; path = ApiClient.swift; sourceTree = "<group>"; };
		FDA13A682B9D4B2500676B0D /* Endpoints.swift */ = {isa = PBXFileReference; lastKnownFileType = sourcecode.swift; path = Endpoints.swift; sourceTree = "<group>"; };
		FDA13A6A2B9D4B7C00676B0D /* NetworCore.swift */ = {isa = PBXFileReference; lastKnownFileType = sourcecode.swift; path = NetworCore.swift; sourceTree = "<group>"; };
		FDA13A6F2B9D5DFE00676B0D /* AsteroidResponse.swift */ = {isa = PBXFileReference; lastKnownFileType = sourcecode.swift; path = AsteroidResponse.swift; sourceTree = "<group>"; };
		FDA13A712BA8E51D00676B0D /* AsteroidService.swift */ = {isa = PBXFileReference; lastKnownFileType = sourcecode.swift; path = AsteroidService.swift; sourceTree = "<group>"; };
		FDA13A792BA8F40900676B0D /* ViewState.swift */ = {isa = PBXFileReference; lastKnownFileType = sourcecode.swift; path = ViewState.swift; sourceTree = "<group>"; };
		FDA13A7B2BA8FF3000676B0D /* AsteroidDetialResponse.swift */ = {isa = PBXFileReference; lastKnownFileType = sourcecode.swift; path = AsteroidDetialResponse.swift; sourceTree = "<group>"; };
		FDA13A802BA901E100676B0D /* MarsRoverService.swift */ = {isa = PBXFileReference; lastKnownFileType = sourcecode.swift; path = MarsRoverService.swift; sourceTree = "<group>"; };
		FDA13A832BA9611C00676B0D /* MarsRoverPhotosResponse.swift */ = {isa = PBXFileReference; lastKnownFileType = sourcecode.swift; path = MarsRoverPhotosResponse.swift; sourceTree = "<group>"; };
		FDA13A852BA9632F00676B0D /* AsteroidDetailView.swift */ = {isa = PBXFileReference; lastKnownFileType = sourcecode.swift; path = AsteroidDetailView.swift; sourceTree = "<group>"; };
		FDA13A872BA9633800676B0D /* AsteroidDetailFeature.swift */ = {isa = PBXFileReference; lastKnownFileType = sourcecode.swift; path = AsteroidDetailFeature.swift; sourceTree = "<group>"; };
		FDA13A8A2BA9650B00676B0D /* MarsRoverListView.swift */ = {isa = PBXFileReference; lastKnownFileType = sourcecode.swift; path = MarsRoverListView.swift; sourceTree = "<group>"; };
		FDA13A8C2BA9651900676B0D /* MarsRoverListFeature.swift */ = {isa = PBXFileReference; lastKnownFileType = sourcecode.swift; path = MarsRoverListFeature.swift; sourceTree = "<group>"; };
		FDA13A942BAAB3B400676B0D /* AsteroidListView.swift */ = {isa = PBXFileReference; lastKnownFileType = sourcecode.swift; path = AsteroidListView.swift; sourceTree = "<group>"; };
		FDA13A972BAAB3D100676B0D /* AsteroidListFeature.swift */ = {isa = PBXFileReference; lastKnownFileType = sourcecode.swift; path = AsteroidListFeature.swift; sourceTree = "<group>"; };
		FDA13A992BAABC3000676B0D /* Info.plist */ = {isa = PBXFileReference; lastKnownFileType = text.plist; path = Info.plist; sourceTree = "<group>"; };
		FDA13A9A2BAAC86B00676B0D /* AsteroidListTests.swift */ = {isa = PBXFileReference; lastKnownFileType = sourcecode.swift; path = AsteroidListTests.swift; sourceTree = "<group>"; };
/* End PBXFileReference section */

/* Begin PBXFrameworksBuildPhase section */
		FDA13A2E2B9D452900676B0D /* Frameworks */ = {
			isa = PBXFrameworksBuildPhase;
			buildActionMask = 2147483647;
			files = (
				FDA13A932BA96B0200676B0D /* Kingfisher in Frameworks */,
				FDA13A772BA8E8B600676B0D /* DependenciesMacros in Frameworks */,
				FDA13A752BA8E8B600676B0D /* Dependencies in Frameworks */,
				FDA13A902BA9658900676B0D /* ComposableArchitecture in Frameworks */,
			);
			runOnlyForDeploymentPostprocessing = 0;
		};
		FDA13A3E2B9D452B00676B0D /* Frameworks */ = {
			isa = PBXFrameworksBuildPhase;
			buildActionMask = 2147483647;
			files = (
			);
			runOnlyForDeploymentPostprocessing = 0;
		};
		FDA13A482B9D452B00676B0D /* Frameworks */ = {
			isa = PBXFrameworksBuildPhase;
			buildActionMask = 2147483647;
			files = (
			);
			runOnlyForDeploymentPostprocessing = 0;
		};
/* End PBXFrameworksBuildPhase section */

/* Begin PBXGroup section */
		FDA13A282B9D452900676B0D = {
			isa = PBXGroup;
			children = (
				FDA13A332B9D452900676B0D /* demoTCA */,
				FDA13A442B9D452B00676B0D /* demoTCATests */,
				FDA13A4E2B9D452B00676B0D /* demoTCAUITests */,
				FDA13A322B9D452900676B0D /* Products */,
			);
			sourceTree = "<group>";
		};
		FDA13A322B9D452900676B0D /* Products */ = {
			isa = PBXGroup;
			children = (
				FDA13A312B9D452900676B0D /* demoTCA.app */,
				FDA13A412B9D452B00676B0D /* demoTCATests.xctest */,
				FDA13A4B2B9D452B00676B0D /* demoTCAUITests.xctest */,
			);
			name = Products;
			sourceTree = "<group>";
		};
		FDA13A332B9D452900676B0D /* demoTCA */ = {
			isa = PBXGroup;
			children = (
				FDA13A992BAABC3000676B0D /* Info.plist */,
				FDA13A7D2BA8FFFA00676B0D /* Modules */,
				FDA13A782BA8F3FE00676B0D /* Utils */,
				FDA13A652B9D485B00676B0D /* Network */,
				FDA13A342B9D452900676B0D /* demoTCAApp.swift */,
				FDA13A362B9D452900676B0D /* ContentView.swift */,
				FDA13A382B9D452B00676B0D /* Assets.xcassets */,
				FDA13A3A2B9D452B00676B0D /* Preview Content */,
			);
			path = demoTCA;
			sourceTree = "<group>";
		};
		FDA13A3A2B9D452B00676B0D /* Preview Content */ = {
			isa = PBXGroup;
			children = (
				FDA13A3B2B9D452B00676B0D /* Preview Assets.xcassets */,
			);
			path = "Preview Content";
			sourceTree = "<group>";
		};
		FDA13A442B9D452B00676B0D /* demoTCATests */ = {
			isa = PBXGroup;
			children = (
				FDA13A452B9D452B00676B0D /* demoTCATests.swift */,
				FDA13A9A2BAAC86B00676B0D /* AsteroidListTests.swift */,
			);
			path = demoTCATests;
			sourceTree = "<group>";
		};
		FDA13A4E2B9D452B00676B0D /* demoTCAUITests */ = {
			isa = PBXGroup;
			children = (
				FDA13A4F2B9D452B00676B0D /* demoTCAUITests.swift */,
				FDA13A512B9D452B00676B0D /* demoTCAUITestsLaunchTests.swift */,
			);
			path = demoTCAUITests;
			sourceTree = "<group>";
		};
		FDA13A622B9D480500676B0D /* Home */ = {
			isa = PBXGroup;
			children = (
				FDA13A5E2B9D47EC00676B0D /* HomeFeature.swift */,
				FDA13A602B9D47FC00676B0D /* HomeView.swift */,
			);
			path = Home;
			sourceTree = "<group>";
		};
		FDA13A652B9D485B00676B0D /* Network */ = {
			isa = PBXGroup;
			children = (
				FDA13A6C2B9D5DC800676B0D /* Services */,
				FDA13A662B9D489A00676B0D /* ApiClient.swift */,
				FDA13A682B9D4B2500676B0D /* Endpoints.swift */,
				FDA13A6A2B9D4B7C00676B0D /* NetworCore.swift */,
			);
			path = Network;
			sourceTree = "<group>";
		};
		FDA13A6C2B9D5DC800676B0D /* Services */ = {
			isa = PBXGroup;
			children = (
				FDA13A7F2BA9018A00676B0D /* MarsRover */,
				FDA13A6D2B9D5DDC00676B0D /* Asteroids */,
			);
			path = Services;
			sourceTree = "<group>";
		};
		FDA13A6D2B9D5DDC00676B0D /* Asteroids */ = {
			isa = PBXGroup;
			children = (
				FDA13A6E2B9D5DEA00676B0D /* Model */,
				FDA13A712BA8E51D00676B0D /* AsteroidService.swift */,
			);
			path = Asteroids;
			sourceTree = "<group>";
		};
		FDA13A6E2B9D5DEA00676B0D /* Model */ = {
			isa = PBXGroup;
			children = (
				FDA13A6F2B9D5DFE00676B0D /* AsteroidResponse.swift */,
				FDA13A7B2BA8FF3000676B0D /* AsteroidDetialResponse.swift */,
			);
			path = Model;
			sourceTree = "<group>";
		};
		FDA13A782BA8F3FE00676B0D /* Utils */ = {
			isa = PBXGroup;
			children = (
				FDA13A792BA8F40900676B0D /* ViewState.swift */,
			);
			path = Utils;
			sourceTree = "<group>";
		};
		FDA13A7D2BA8FFFA00676B0D /* Modules */ = {
			isa = PBXGroup;
			children = (
				FDA13A7E2BA9000A00676B0D /* AsteroidDetail */,
				FDA13A962BAAB3BB00676B0D /* AsteroidList */,
				FDA13A892BA964F500676B0D /* MarsRoverPhotoList */,
				FDA13A622B9D480500676B0D /* Home */,
			);
			path = Modules;
			sourceTree = "<group>";
		};
		FDA13A7E2BA9000A00676B0D /* AsteroidDetail */ = {
			isa = PBXGroup;
			children = (
				FDA13A872BA9633800676B0D /* AsteroidDetailFeature.swift */,
				FDA13A852BA9632F00676B0D /* AsteroidDetailView.swift */,
			);
			path = AsteroidDetail;
			sourceTree = "<group>";
		};
		FDA13A7F2BA9018A00676B0D /* MarsRover */ = {
			isa = PBXGroup;
			children = (
				FDA13A822BA9610E00676B0D /* Model */,
				FDA13A802BA901E100676B0D /* MarsRoverService.swift */,
			);
			path = MarsRover;
			sourceTree = "<group>";
		};
		FDA13A822BA9610E00676B0D /* Model */ = {
			isa = PBXGroup;
			children = (
				FDA13A832BA9611C00676B0D /* MarsRoverPhotosResponse.swift */,
			);
			path = Model;
			sourceTree = "<group>";
		};
		FDA13A892BA964F500676B0D /* MarsRoverPhotoList */ = {
			isa = PBXGroup;
			children = (
				FDA13A8C2BA9651900676B0D /* MarsRoverListFeature.swift */,
				FDA13A8A2BA9650B00676B0D /* MarsRoverListView.swift */,
			);
			path = MarsRoverPhotoList;
			sourceTree = "<group>";
		};
		FDA13A962BAAB3BB00676B0D /* AsteroidList */ = {
			isa = PBXGroup;
			children = (
				FDA13A972BAAB3D100676B0D /* AsteroidListFeature.swift */,
				FDA13A942BAAB3B400676B0D /* AsteroidListView.swift */,
			);
			path = AsteroidList;
			sourceTree = "<group>";
		};
/* End PBXGroup section */

/* Begin PBXNativeTarget section */
		FDA13A302B9D452900676B0D /* demoTCA */ = {
			isa = PBXNativeTarget;
			buildConfigurationList = FDA13A552B9D452B00676B0D /* Build configuration list for PBXNativeTarget "demoTCA" */;
			buildPhases = (
				FDA13A2D2B9D452900676B0D /* Sources */,
				FDA13A2E2B9D452900676B0D /* Frameworks */,
				FDA13A2F2B9D452900676B0D /* Resources */,
			);
			buildRules = (
			);
			dependencies = (
			);
			name = demoTCA;
			packageProductDependencies = (
				FDA13A742BA8E8B600676B0D /* Dependencies */,
				FDA13A762BA8E8B600676B0D /* DependenciesMacros */,
				FDA13A8F2BA9658900676B0D /* ComposableArchitecture */,
				FDA13A922BA96B0200676B0D /* Kingfisher */,
			);
			productName = demoTCA;
			productReference = FDA13A312B9D452900676B0D /* demoTCA.app */;
			productType = "com.apple.product-type.application";
		};
		FDA13A402B9D452B00676B0D /* demoTCATests */ = {
			isa = PBXNativeTarget;
			buildConfigurationList = FDA13A582B9D452B00676B0D /* Build configuration list for PBXNativeTarget "demoTCATests" */;
			buildPhases = (
				FDA13A3D2B9D452B00676B0D /* Sources */,
				FDA13A3E2B9D452B00676B0D /* Frameworks */,
				FDA13A3F2B9D452B00676B0D /* Resources */,
			);
			buildRules = (
			);
			dependencies = (
				FDA13A432B9D452B00676B0D /* PBXTargetDependency */,
			);
			name = demoTCATests;
			productName = demoTCATests;
			productReference = FDA13A412B9D452B00676B0D /* demoTCATests.xctest */;
			productType = "com.apple.product-type.bundle.unit-test";
		};
		FDA13A4A2B9D452B00676B0D /* demoTCAUITests */ = {
			isa = PBXNativeTarget;
			buildConfigurationList = FDA13A5B2B9D452B00676B0D /* Build configuration list for PBXNativeTarget "demoTCAUITests" */;
			buildPhases = (
				FDA13A472B9D452B00676B0D /* Sources */,
				FDA13A482B9D452B00676B0D /* Frameworks */,
				FDA13A492B9D452B00676B0D /* Resources */,
			);
			buildRules = (
			);
			dependencies = (
				FDA13A4D2B9D452B00676B0D /* PBXTargetDependency */,
			);
			name = demoTCAUITests;
			productName = demoTCAUITests;
			productReference = FDA13A4B2B9D452B00676B0D /* demoTCAUITests.xctest */;
			productType = "com.apple.product-type.bundle.ui-testing";
		};
/* End PBXNativeTarget section */

/* Begin PBXProject section */
		FDA13A292B9D452900676B0D /* Project object */ = {
			isa = PBXProject;
			attributes = {
				BuildIndependentTargetsInParallel = 1;
				LastSwiftUpdateCheck = 1520;
				LastUpgradeCheck = 1520;
				TargetAttributes = {
					FDA13A302B9D452900676B0D = {
						CreatedOnToolsVersion = 15.2;
					};
					FDA13A402B9D452B00676B0D = {
						CreatedOnToolsVersion = 15.2;
						TestTargetID = FDA13A302B9D452900676B0D;
					};
					FDA13A4A2B9D452B00676B0D = {
						CreatedOnToolsVersion = 15.2;
						TestTargetID = FDA13A302B9D452900676B0D;
					};
				};
			};
			buildConfigurationList = FDA13A2C2B9D452900676B0D /* Build configuration list for PBXProject "demoTCA" */;
			compatibilityVersion = "Xcode 14.0";
			developmentRegion = en;
			hasScannedForEncodings = 0;
			knownRegions = (
				en,
				Base,
			);
			mainGroup = FDA13A282B9D452900676B0D;
			packageReferences = (
				FDA13A732BA8E8B600676B0D /* XCRemoteSwiftPackageReference "swift-dependencies" */,
				FDA13A8E2BA9658900676B0D /* XCRemoteSwiftPackageReference "swift-composable-architecture" */,
				FDA13A912BA96B0200676B0D /* XCRemoteSwiftPackageReference "Kingfisher" */,
			);
			productRefGroup = FDA13A322B9D452900676B0D /* Products */;
			projectDirPath = "";
			projectRoot = "";
			targets = (
				FDA13A302B9D452900676B0D /* demoTCA */,
				FDA13A402B9D452B00676B0D /* demoTCATests */,
				FDA13A4A2B9D452B00676B0D /* demoTCAUITests */,
			);
		};
/* End PBXProject section */

/* Begin PBXResourcesBuildPhase section */
		FDA13A2F2B9D452900676B0D /* Resources */ = {
			isa = PBXResourcesBuildPhase;
			buildActionMask = 2147483647;
			files = (
				FDA13A3C2B9D452B00676B0D /* Preview Assets.xcassets in Resources */,
				FDA13A392B9D452B00676B0D /* Assets.xcassets in Resources */,
			);
			runOnlyForDeploymentPostprocessing = 0;
		};
		FDA13A3F2B9D452B00676B0D /* Resources */ = {
			isa = PBXResourcesBuildPhase;
			buildActionMask = 2147483647;
			files = (
			);
			runOnlyForDeploymentPostprocessing = 0;
		};
		FDA13A492B9D452B00676B0D /* Resources */ = {
			isa = PBXResourcesBuildPhase;
			buildActionMask = 2147483647;
			files = (
			);
			runOnlyForDeploymentPostprocessing = 0;
		};
/* End PBXResourcesBuildPhase section */

/* Begin PBXSourcesBuildPhase section */
		FDA13A2D2B9D452900676B0D /* Sources */ = {
			isa = PBXSourcesBuildPhase;
			buildActionMask = 2147483647;
			files = (
				FDA13A7C2BA8FF3000676B0D /* AsteroidDetialResponse.swift in Sources */,
				FDA13A882BA9633800676B0D /* AsteroidDetailFeature.swift in Sources */,
				FDA13A372B9D452900676B0D /* ContentView.swift in Sources */,
				FDA13A612B9D47FC00676B0D /* HomeView.swift in Sources */,
				FDA13A862BA9632F00676B0D /* AsteroidDetailView.swift in Sources */,
				FDA13A7A2BA8F40900676B0D /* ViewState.swift in Sources */,
				FDA13A6B2B9D4B7C00676B0D /* NetworCore.swift in Sources */,
				FDA13A722BA8E51D00676B0D /* AsteroidService.swift in Sources */,
				FDA13A8D2BA9651900676B0D /* MarsRoverListFeature.swift in Sources */,
				FDA13A692B9D4B2500676B0D /* Endpoints.swift in Sources */,
				FDA13A5F2B9D47EC00676B0D /* HomeFeature.swift in Sources */,
				FDA13A952BAAB3B400676B0D /* AsteroidListView.swift in Sources */,
				FDA13A8B2BA9650B00676B0D /* MarsRoverListView.swift in Sources */,
				FDA13A352B9D452900676B0D /* demoTCAApp.swift in Sources */,
				FDA13A812BA901E100676B0D /* MarsRoverService.swift in Sources */,
				FDA13A842BA9611D00676B0D /* MarsRoverPhotosResponse.swift in Sources */,
				FDA13A702B9D5DFE00676B0D /* AsteroidResponse.swift in Sources */,
				FDA13A982BAAB3D100676B0D /* AsteroidListFeature.swift in Sources */,
				FDA13A672B9D489A00676B0D /* ApiClient.swift in Sources */,
			);
			runOnlyForDeploymentPostprocessing = 0;
		};
		FDA13A3D2B9D452B00676B0D /* Sources */ = {
			isa = PBXSourcesBuildPhase;
			buildActionMask = 2147483647;
			files = (
				FDA13A9B2BAAC86B00676B0D /* AsteroidListTests.swift in Sources */,
				FDA13A462B9D452B00676B0D /* demoTCATests.swift in Sources */,
			);
			runOnlyForDeploymentPostprocessing = 0;
		};
		FDA13A472B9D452B00676B0D /* Sources */ = {
			isa = PBXSourcesBuildPhase;
			buildActionMask = 2147483647;
			files = (
				FDA13A522B9D452B00676B0D /* demoTCAUITestsLaunchTests.swift in Sources */,
				FDA13A502B9D452B00676B0D /* demoTCAUITests.swift in Sources */,
			);
			runOnlyForDeploymentPostprocessing = 0;
		};
/* End PBXSourcesBuildPhase section */

/* Begin PBXTargetDependency section */
		FDA13A432B9D452B00676B0D /* PBXTargetDependency */ = {
			isa = PBXTargetDependency;
			target = FDA13A302B9D452900676B0D /* demoTCA */;
			targetProxy = FDA13A422B9D452B00676B0D /* PBXContainerItemProxy */;
		};
		FDA13A4D2B9D452B00676B0D /* PBXTargetDependency */ = {
			isa = PBXTargetDependency;
			target = FDA13A302B9D452900676B0D /* demoTCA */;
			targetProxy = FDA13A4C2B9D452B00676B0D /* PBXContainerItemProxy */;
		};
/* End PBXTargetDependency section */

/* Begin XCBuildConfiguration section */
		FDA13A532B9D452B00676B0D /* Debug */ = {
			isa = XCBuildConfiguration;
			buildSettings = {
				ALWAYS_SEARCH_USER_PATHS = NO;
				ASSETCATALOG_COMPILER_GENERATE_SWIFT_ASSET_SYMBOL_EXTENSIONS = YES;
				CLANG_ANALYZER_NONNULL = YES;
				CLANG_ANALYZER_NUMBER_OBJECT_CONVERSION = YES_AGGRESSIVE;
				CLANG_CXX_LANGUAGE_STANDARD = "gnu++20";
				CLANG_ENABLE_MODULES = YES;
				CLANG_ENABLE_OBJC_ARC = YES;
				CLANG_ENABLE_OBJC_WEAK = YES;
				CLANG_WARN_BLOCK_CAPTURE_AUTORELEASING = YES;
				CLANG_WARN_BOOL_CONVERSION = YES;
				CLANG_WARN_COMMA = YES;
				CLANG_WARN_CONSTANT_CONVERSION = YES;
				CLANG_WARN_DEPRECATED_OBJC_IMPLEMENTATIONS = YES;
				CLANG_WARN_DIRECT_OBJC_ISA_USAGE = YES_ERROR;
				CLANG_WARN_DOCUMENTATION_COMMENTS = YES;
				CLANG_WARN_EMPTY_BODY = YES;
				CLANG_WARN_ENUM_CONVERSION = YES;
				CLANG_WARN_INFINITE_RECURSION = YES;
				CLANG_WARN_INT_CONVERSION = YES;
				CLANG_WARN_NON_LITERAL_NULL_CONVERSION = YES;
				CLANG_WARN_OBJC_IMPLICIT_RETAIN_SELF = YES;
				CLANG_WARN_OBJC_LITERAL_CONVERSION = YES;
				CLANG_WARN_OBJC_ROOT_CLASS = YES_ERROR;
				CLANG_WARN_QUOTED_INCLUDE_IN_FRAMEWORK_HEADER = YES;
				CLANG_WARN_RANGE_LOOP_ANALYSIS = YES;
				CLANG_WARN_STRICT_PROTOTYPES = YES;
				CLANG_WARN_SUSPICIOUS_MOVE = YES;
				CLANG_WARN_UNGUARDED_AVAILABILITY = YES_AGGRESSIVE;
				CLANG_WARN_UNREACHABLE_CODE = YES;
				CLANG_WARN__DUPLICATE_METHOD_MATCH = YES;
				COPY_PHASE_STRIP = NO;
				DEBUG_INFORMATION_FORMAT = dwarf;
				ENABLE_STRICT_OBJC_MSGSEND = YES;
				ENABLE_TESTABILITY = YES;
				ENABLE_USER_SCRIPT_SANDBOXING = YES;
				GCC_C_LANGUAGE_STANDARD = gnu17;
				GCC_DYNAMIC_NO_PIC = NO;
				GCC_NO_COMMON_BLOCKS = YES;
				GCC_OPTIMIZATION_LEVEL = 0;
				GCC_PREPROCESSOR_DEFINITIONS = (
					"DEBUG=1",
					"$(inherited)",
				);
				GCC_WARN_64_TO_32_BIT_CONVERSION = YES;
				GCC_WARN_ABOUT_RETURN_TYPE = YES_ERROR;
				GCC_WARN_UNDECLARED_SELECTOR = YES;
				GCC_WARN_UNINITIALIZED_AUTOS = YES_AGGRESSIVE;
				GCC_WARN_UNUSED_FUNCTION = YES;
				GCC_WARN_UNUSED_VARIABLE = YES;
				IPHONEOS_DEPLOYMENT_TARGET = 17.2;
				LOCALIZATION_PREFERS_STRING_CATALOGS = YES;
				MTL_ENABLE_DEBUG_INFO = INCLUDE_SOURCE;
				MTL_FAST_MATH = YES;
				ONLY_ACTIVE_ARCH = YES;
				SDKROOT = iphoneos;
				SWIFT_ACTIVE_COMPILATION_CONDITIONS = "DEBUG $(inherited)";
				SWIFT_OPTIMIZATION_LEVEL = "-Onone";
			};
			name = Debug;
		};
		FDA13A542B9D452B00676B0D /* Release */ = {
			isa = XCBuildConfiguration;
			buildSettings = {
				ALWAYS_SEARCH_USER_PATHS = NO;
				ASSETCATALOG_COMPILER_GENERATE_SWIFT_ASSET_SYMBOL_EXTENSIONS = YES;
				CLANG_ANALYZER_NONNULL = YES;
				CLANG_ANALYZER_NUMBER_OBJECT_CONVERSION = YES_AGGRESSIVE;
				CLANG_CXX_LANGUAGE_STANDARD = "gnu++20";
				CLANG_ENABLE_MODULES = YES;
				CLANG_ENABLE_OBJC_ARC = YES;
				CLANG_ENABLE_OBJC_WEAK = YES;
				CLANG_WARN_BLOCK_CAPTURE_AUTORELEASING = YES;
				CLANG_WARN_BOOL_CONVERSION = YES;
				CLANG_WARN_COMMA = YES;
				CLANG_WARN_CONSTANT_CONVERSION = YES;
				CLANG_WARN_DEPRECATED_OBJC_IMPLEMENTATIONS = YES;
				CLANG_WARN_DIRECT_OBJC_ISA_USAGE = YES_ERROR;
				CLANG_WARN_DOCUMENTATION_COMMENTS = YES;
				CLANG_WARN_EMPTY_BODY = YES;
				CLANG_WARN_ENUM_CONVERSION = YES;
				CLANG_WARN_INFINITE_RECURSION = YES;
				CLANG_WARN_INT_CONVERSION = YES;
				CLANG_WARN_NON_LITERAL_NULL_CONVERSION = YES;
				CLANG_WARN_OBJC_IMPLICIT_RETAIN_SELF = YES;
				CLANG_WARN_OBJC_LITERAL_CONVERSION = YES;
				CLANG_WARN_OBJC_ROOT_CLASS = YES_ERROR;
				CLANG_WARN_QUOTED_INCLUDE_IN_FRAMEWORK_HEADER = YES;
				CLANG_WARN_RANGE_LOOP_ANALYSIS = YES;
				CLANG_WARN_STRICT_PROTOTYPES = YES;
				CLANG_WARN_SUSPICIOUS_MOVE = YES;
				CLANG_WARN_UNGUARDED_AVAILABILITY = YES_AGGRESSIVE;
				CLANG_WARN_UNREACHABLE_CODE = YES;
				CLANG_WARN__DUPLICATE_METHOD_MATCH = YES;
				COPY_PHASE_STRIP = NO;
				DEBUG_INFORMATION_FORMAT = "dwarf-with-dsym";
				ENABLE_NS_ASSERTIONS = NO;
				ENABLE_STRICT_OBJC_MSGSEND = YES;
				ENABLE_USER_SCRIPT_SANDBOXING = YES;
				GCC_C_LANGUAGE_STANDARD = gnu17;
				GCC_NO_COMMON_BLOCKS = YES;
				GCC_WARN_64_TO_32_BIT_CONVERSION = YES;
				GCC_WARN_ABOUT_RETURN_TYPE = YES_ERROR;
				GCC_WARN_UNDECLARED_SELECTOR = YES;
				GCC_WARN_UNINITIALIZED_AUTOS = YES_AGGRESSIVE;
				GCC_WARN_UNUSED_FUNCTION = YES;
				GCC_WARN_UNUSED_VARIABLE = YES;
				IPHONEOS_DEPLOYMENT_TARGET = 17.2;
				LOCALIZATION_PREFERS_STRING_CATALOGS = YES;
				MTL_ENABLE_DEBUG_INFO = NO;
				MTL_FAST_MATH = YES;
				SDKROOT = iphoneos;
				SWIFT_COMPILATION_MODE = wholemodule;
				VALIDATE_PRODUCT = YES;
			};
			name = Release;
		};
		FDA13A562B9D452B00676B0D /* Debug */ = {
			isa = XCBuildConfiguration;
			buildSettings = {
				ASSETCATALOG_COMPILER_APPICON_NAME = AppIcon;
				ASSETCATALOG_COMPILER_GLOBAL_ACCENT_COLOR_NAME = AccentColor;
				CODE_SIGN_STYLE = Automatic;
				CURRENT_PROJECT_VERSION = 1;
				DEVELOPMENT_ASSET_PATHS = "\"demoTCA/Preview Content\"";
				DEVELOPMENT_TEAM = NUT7SFZWGF;
				ENABLE_PREVIEWS = YES;
				GENERATE_INFOPLIST_FILE = YES;
				INFOPLIST_FILE = demoTCA/Info.plist;
				INFOPLIST_KEY_UIApplicationSceneManifest_Generation = YES;
				INFOPLIST_KEY_UIApplicationSupportsIndirectInputEvents = YES;
				INFOPLIST_KEY_UILaunchScreen_Generation = YES;
				INFOPLIST_KEY_UISupportedInterfaceOrientations_iPad = "UIInterfaceOrientationPortrait UIInterfaceOrientationPortraitUpsideDown UIInterfaceOrientationLandscapeLeft UIInterfaceOrientationLandscapeRight";
				INFOPLIST_KEY_UISupportedInterfaceOrientations_iPhone = "UIInterfaceOrientationPortrait UIInterfaceOrientationLandscapeLeft UIInterfaceOrientationLandscapeRight";
				LD_RUNPATH_SEARCH_PATHS = (
					"$(inherited)",
					"@executable_path/Frameworks",
				);
				MARKETING_VERSION = 1.0;
				PRODUCT_BUNDLE_IDENTIFIER = com.gandhi.demoTCA;
				PRODUCT_NAME = "$(TARGET_NAME)";
				SWIFT_EMIT_LOC_STRINGS = YES;
				SWIFT_VERSION = 5.0;
				TARGETED_DEVICE_FAMILY = "1,2";
			};
			name = Debug;
		};
		FDA13A572B9D452B00676B0D /* Release */ = {
			isa = XCBuildConfiguration;
			buildSettings = {
				ASSETCATALOG_COMPILER_APPICON_NAME = AppIcon;
				ASSETCATALOG_COMPILER_GLOBAL_ACCENT_COLOR_NAME = AccentColor;
				CODE_SIGN_STYLE = Automatic;
				CURRENT_PROJECT_VERSION = 1;
				DEVELOPMENT_ASSET_PATHS = "\"demoTCA/Preview Content\"";
				DEVELOPMENT_TEAM = NUT7SFZWGF;
				ENABLE_PREVIEWS = YES;
				GENERATE_INFOPLIST_FILE = YES;
				INFOPLIST_FILE = demoTCA/Info.plist;
				INFOPLIST_KEY_UIApplicationSceneManifest_Generation = YES;
				INFOPLIST_KEY_UIApplicationSupportsIndirectInputEvents = YES;
				INFOPLIST_KEY_UILaunchScreen_Generation = YES;
				INFOPLIST_KEY_UISupportedInterfaceOrientations_iPad = "UIInterfaceOrientationPortrait UIInterfaceOrientationPortraitUpsideDown UIInterfaceOrientationLandscapeLeft UIInterfaceOrientationLandscapeRight";
				INFOPLIST_KEY_UISupportedInterfaceOrientations_iPhone = "UIInterfaceOrientationPortrait UIInterfaceOrientationLandscapeLeft UIInterfaceOrientationLandscapeRight";
				LD_RUNPATH_SEARCH_PATHS = (
					"$(inherited)",
					"@executable_path/Frameworks",
				);
				MARKETING_VERSION = 1.0;
				PRODUCT_BUNDLE_IDENTIFIER = com.gandhi.demoTCA;
				PRODUCT_NAME = "$(TARGET_NAME)";
				SWIFT_EMIT_LOC_STRINGS = YES;
				SWIFT_VERSION = 5.0;
				TARGETED_DEVICE_FAMILY = "1,2";
			};
			name = Release;
		};
		FDA13A592B9D452B00676B0D /* Debug */ = {
			isa = XCBuildConfiguration;
			buildSettings = {
				ALWAYS_EMBED_SWIFT_STANDARD_LIBRARIES = YES;
				BUNDLE_LOADER = "$(TEST_HOST)";
				CODE_SIGN_STYLE = Automatic;
				CURRENT_PROJECT_VERSION = 1;
				GENERATE_INFOPLIST_FILE = YES;
				IPHONEOS_DEPLOYMENT_TARGET = 17.2;
				MARKETING_VERSION = 1.0;
				PRODUCT_BUNDLE_IDENTIFIER = com.gandhi.demoTCATests;
				PRODUCT_NAME = "$(TARGET_NAME)";
				SWIFT_EMIT_LOC_STRINGS = NO;
				SWIFT_VERSION = 5.0;
				TARGETED_DEVICE_FAMILY = "1,2";
				TEST_HOST = "$(BUILT_PRODUCTS_DIR)/demoTCA.app/$(BUNDLE_EXECUTABLE_FOLDER_PATH)/demoTCA";
			};
			name = Debug;
		};
		FDA13A5A2B9D452B00676B0D /* Release */ = {
			isa = XCBuildConfiguration;
			buildSettings = {
				ALWAYS_EMBED_SWIFT_STANDARD_LIBRARIES = YES;
				BUNDLE_LOADER = "$(TEST_HOST)";
				CODE_SIGN_STYLE = Automatic;
				CURRENT_PROJECT_VERSION = 1;
				GENERATE_INFOPLIST_FILE = YES;
				IPHONEOS_DEPLOYMENT_TARGET = 17.2;
				MARKETING_VERSION = 1.0;
				PRODUCT_BUNDLE_IDENTIFIER = com.gandhi.demoTCATests;
				PRODUCT_NAME = "$(TARGET_NAME)";
				SWIFT_EMIT_LOC_STRINGS = NO;
				SWIFT_VERSION = 5.0;
				TARGETED_DEVICE_FAMILY = "1,2";
				TEST_HOST = "$(BUILT_PRODUCTS_DIR)/demoTCA.app/$(BUNDLE_EXECUTABLE_FOLDER_PATH)/demoTCA";
			};
			name = Release;
		};
		FDA13A5C2B9D452B00676B0D /* Debug */ = {
			isa = XCBuildConfiguration;
			buildSettings = {
				ALWAYS_EMBED_SWIFT_STANDARD_LIBRARIES = YES;
				CODE_SIGN_STYLE = Automatic;
				CURRENT_PROJECT_VERSION = 1;
				GENERATE_INFOPLIST_FILE = YES;
				MARKETING_VERSION = 1.0;
				PRODUCT_BUNDLE_IDENTIFIER = com.gandhi.demoTCAUITests;
				PRODUCT_NAME = "$(TARGET_NAME)";
				SWIFT_EMIT_LOC_STRINGS = NO;
				SWIFT_VERSION = 5.0;
				TARGETED_DEVICE_FAMILY = "1,2";
				TEST_TARGET_NAME = demoTCA;
			};
			name = Debug;
		};
		FDA13A5D2B9D452B00676B0D /* Release */ = {
			isa = XCBuildConfiguration;
			buildSettings = {
				ALWAYS_EMBED_SWIFT_STANDARD_LIBRARIES = YES;
				CODE_SIGN_STYLE = Automatic;
				CURRENT_PROJECT_VERSION = 1;
				GENERATE_INFOPLIST_FILE = YES;
				MARKETING_VERSION = 1.0;
				PRODUCT_BUNDLE_IDENTIFIER = com.gandhi.demoTCAUITests;
				PRODUCT_NAME = "$(TARGET_NAME)";
				SWIFT_EMIT_LOC_STRINGS = NO;
				SWIFT_VERSION = 5.0;
				TARGETED_DEVICE_FAMILY = "1,2";
				TEST_TARGET_NAME = demoTCA;
			};
			name = Release;
		};
/* End XCBuildConfiguration section */

/* Begin XCConfigurationList section */
		FDA13A2C2B9D452900676B0D /* Build configuration list for PBXProject "demoTCA" */ = {
			isa = XCConfigurationList;
			buildConfigurations = (
				FDA13A532B9D452B00676B0D /* Debug */,
				FDA13A542B9D452B00676B0D /* Release */,
			);
			defaultConfigurationIsVisible = 0;
			defaultConfigurationName = Release;
		};
		FDA13A552B9D452B00676B0D /* Build configuration list for PBXNativeTarget "demoTCA" */ = {
			isa = XCConfigurationList;
			buildConfigurations = (
				FDA13A562B9D452B00676B0D /* Debug */,
				FDA13A572B9D452B00676B0D /* Release */,
			);
			defaultConfigurationIsVisible = 0;
			defaultConfigurationName = Release;
		};
		FDA13A582B9D452B00676B0D /* Build configuration list for PBXNativeTarget "demoTCATests" */ = {
			isa = XCConfigurationList;
			buildConfigurations = (
				FDA13A592B9D452B00676B0D /* Debug */,
				FDA13A5A2B9D452B00676B0D /* Release */,
			);
			defaultConfigurationIsVisible = 0;
			defaultConfigurationName = Release;
		};
		FDA13A5B2B9D452B00676B0D /* Build configuration list for PBXNativeTarget "demoTCAUITests" */ = {
			isa = XCConfigurationList;
			buildConfigurations = (
				FDA13A5C2B9D452B00676B0D /* Debug */,
				FDA13A5D2B9D452B00676B0D /* Release */,
			);
			defaultConfigurationIsVisible = 0;
			defaultConfigurationName = Release;
		};
/* End XCConfigurationList section */

/* Begin XCRemoteSwiftPackageReference section */
		FDA13A732BA8E8B600676B0D /* XCRemoteSwiftPackageReference "swift-dependencies" */ = {
			isa = XCRemoteSwiftPackageReference;
			repositoryURL = "https://github.com/pointfreeco/swift-dependencies";
			requirement = {
				kind = upToNextMajorVersion;
				minimumVersion = 1.2.2;
			};
		};
		FDA13A8E2BA9658900676B0D /* XCRemoteSwiftPackageReference "swift-composable-architecture" */ = {
			isa = XCRemoteSwiftPackageReference;
			repositoryURL = "https://github.com/pointfreeco/swift-composable-architecture";
			requirement = {
				kind = upToNextMajorVersion;
				minimumVersion = 1.9.2;
			};
		};
		FDA13A912BA96B0200676B0D /* XCRemoteSwiftPackageReference "Kingfisher" */ = {
			isa = XCRemoteSwiftPackageReference;
			repositoryURL = "https://github.com/onevcat/Kingfisher.git";
			requirement = {
				kind = upToNextMajorVersion;
				minimumVersion = 7.0.0;
			};
		};
/* End XCRemoteSwiftPackageReference section */

/* Begin XCSwiftPackageProductDependency section */
		FDA13A742BA8E8B600676B0D /* Dependencies */ = {
			isa = XCSwiftPackageProductDependency;
			package = FDA13A732BA8E8B600676B0D /* XCRemoteSwiftPackageReference "swift-dependencies" */;
			productName = Dependencies;
		};
		FDA13A762BA8E8B600676B0D /* DependenciesMacros */ = {
			isa = XCSwiftPackageProductDependency;
			package = FDA13A732BA8E8B600676B0D /* XCRemoteSwiftPackageReference "swift-dependencies" */;
			productName = DependenciesMacros;
		};
		FDA13A8F2BA9658900676B0D /* ComposableArchitecture */ = {
			isa = XCSwiftPackageProductDependency;
			package = FDA13A8E2BA9658900676B0D /* XCRemoteSwiftPackageReference "swift-composable-architecture" */;
			productName = ComposableArchitecture;
		};
		FDA13A922BA96B0200676B0D /* Kingfisher */ = {
			isa = XCSwiftPackageProductDependency;
			package = FDA13A912BA96B0200676B0D /* XCRemoteSwiftPackageReference "Kingfisher" */;
			productName = Kingfisher;
		};
/* End XCSwiftPackageProductDependency section */
	};
	rootObject = FDA13A292B9D452900676B0D /* Project object */;
}
